
Microsoft Visual Studio Solution File, Format Version 12.00
# Visual Studio Version 16
VisualStudioVersion = 16.0.33328.57
MinimumVisualStudioVersion = 10.0.40219.1
Project("{8BC9CEB8-8B4A-11D0-8D11-00A0C91BC942}") = "就職作品参考資料プロジェクト", "就職作品参考資料プロジェクト.vcxproj", "{4858C833-78B6-4416-BC99-CE9969AFCED3}"
EndProject
Project("{8BC9CEB8-8B4A-11D0-8D11-00A0C91BC942}") = "EventSystem", "EventSystem\EventSystem.vcxproj", "{B2FF7DB6-3FBE-4E4C-8941-2D2487333AEB}"
EndProject
Project("{8BC9CEB8-8B4A-11D0-8D11-00A0C91BC942}") = "JobSystem2", "JobSystem2\JobSystem2.vcxproj", "{45E11511-B494-46EB-B6EF-E2AA742B52E2}"
EndProject
Project("{8BC9CEB8-8B4A-11D0-8D11-00A0C91BC942}") = "JobSystem1", "JobSystem1\JobSystem1.vcxproj", "{DF0F589C-BBEA-440E-AA32-BA26AAD0946A}"
EndProject
Project("{8BC9CEB8-8B4A-11D0-8D11-00A0C91BC942}") = "JobSystem3", "JobSystem3\JobSystem3.vcxproj", "{E1B7495C-CB57-4A9D-9C3B-1375B16D3DDA}"
EndProject
Project("{8BC9CEB8-8B4A-11D0-8D11-00A0C91BC942}") = "AISystem1", "AISystem1\AISystem1.vcxproj", "{F323383D-96DD-4F71-AA54-D6757322ABCB}"
EndProject
Project("{8BC9CEB8-8B4A-11D0-8D11-00A0C91BC942}") = "AISystem2", "AISystem2\AISystem2.vcxproj", "{284C413C-179E-474A-AE81-BFBBE341B0CC}"
EndProject
Project("{8BC9CEB8-8B4A-11D0-8D11-00A0C91BC942}") = "AISystem3", "AISystem3\AISystem3.vcxproj", "{DF8FE209-0C70-4360-96CE-CC679CA4CAC8}"
EndProject
Global
	GlobalSection(SolutionConfigurationPlatforms) = preSolution
		Debug|x64 = Debug|x64
		Debug|x86 = Debug|x86
		Release|x64 = Release|x64
		Release|x86 = Release|x86
	EndGlobalSection
	GlobalSection(ProjectConfigurationPlatforms) = postSolution
		{4858C833-78B6-4416-BC99-CE9969AFCED3}.Debug|x64.ActiveCfg = Debug|x64
		{4858C833-78B6-4416-BC99-CE9969AFCED3}.Debug|x64.Build.0 = Debug|x64
		{4858C833-78B6-4416-BC99-CE9969AFCED3}.Debug|x86.ActiveCfg = Debug|Win32
		{4858C833-78B6-4416-BC99-CE9969AFCED3}.Debug|x86.Build.0 = Debug|Win32
		{4858C833-78B6-4416-BC99-CE9969AFCED3}.Release|x64.ActiveCfg = Release|x64
		{4858C833-78B6-4416-BC99-CE9969AFCED3}.Release|x64.Build.0 = Release|x64
		{4858C833-78B6-4416-BC99-CE9969AFCED3}.Release|x86.ActiveCfg = Release|Win32
		{4858C833-78B6-4416-BC99-CE9969AFCED3}.Release|x86.Build.0 = Release|Win32
		{B2FF7DB6-3FBE-4E4C-8941-2D2487333AEB}.Debug|x64.ActiveCfg = Debug|x64
		{B2FF7DB6-3FBE-4E4C-8941-2D2487333AEB}.Debug|x64.Build.0 = Debug|x64
		{B2FF7DB6-3FBE-4E4C-8941-2D2487333AEB}.Debug|x86.ActiveCfg = Debug|Win32
		{B2FF7DB6-3FBE-4E4C-8941-2D2487333AEB}.Debug|x86.Build.0 = Debug|Win32
		{B2FF7DB6-3FBE-4E4C-8941-2D2487333AEB}.Release|x64.ActiveCfg = Release|x64
		{B2FF7DB6-3FBE-4E4C-8941-2D2487333AEB}.Release|x64.Build.0 = Release|x64
		{B2FF7DB6-3FBE-4E4C-8941-2D2487333AEB}.Release|x86.ActiveCfg = Release|Win32
		{B2FF7DB6-3FBE-4E4C-8941-2D2487333AEB}.Release|x86.Build.0 = Release|Win32
		{45E11511-B494-46EB-B6EF-E2AA742B52E2}.Debug|x64.ActiveCfg = Debug|x64
		{45E11511-B494-46EB-B6EF-E2AA742B52E2}.Debug|x64.Build.0 = Debug|x64
		{45E11511-B494-46EB-B6EF-E2AA742B52E2}.Debug|x86.ActiveCfg = Debug|Win32
		{45E11511-B494-46EB-B6EF-E2AA742B52E2}.Debug|x86.Build.0 = Debug|Win32
		{45E11511-B494-46EB-B6EF-E2AA742B52E2}.Release|x64.ActiveCfg = Release|x64
		{45E11511-B494-46EB-B6EF-E2AA742B52E2}.Release|x64.Build.0 = Release|x64
		{45E11511-B494-46EB-B6EF-E2AA742B52E2}.Release|x86.ActiveCfg = Release|Win32
		{45E11511-B494-46EB-B6EF-E2AA742B52E2}.Release|x86.Build.0 = Release|Win32
		{DF0F589C-BBEA-440E-AA32-BA26AAD0946A}.Debug|x64.ActiveCfg = Debug|x64
		{DF0F589C-BBEA-440E-AA32-BA26AAD0946A}.Debug|x64.Build.0 = Debug|x64
		{DF0F589C-BBEA-440E-AA32-BA26AAD0946A}.Debug|x86.ActiveCfg = Debug|Win32
		{DF0F589C-BBEA-440E-AA32-BA26AAD0946A}.Debug|x86.Build.0 = Debug|Win32
		{DF0F589C-BBEA-440E-AA32-BA26AAD0946A}.Release|x64.ActiveCfg = Release|x64
		{DF0F589C-BBEA-440E-AA32-BA26AAD0946A}.Release|x64.Build.0 = Release|x64
		{DF0F589C-BBEA-440E-AA32-BA26AAD0946A}.Release|x86.ActiveCfg = Release|Win32
		{DF0F589C-BBEA-440E-AA32-BA26AAD0946A}.Release|x86.Build.0 = Release|Win32
		{E1B7495C-CB57-4A9D-9C3B-1375B16D3DDA}.Debug|x64.ActiveCfg = Debug|x64
		{E1B7495C-CB57-4A9D-9C3B-1375B16D3DDA}.Debug|x64.Build.0 = Debug|x64
		{E1B7495C-CB57-4A9D-9C3B-1375B16D3DDA}.Debug|x86.ActiveCfg = Debug|Win32
		{E1B7495C-CB57-4A9D-9C3B-1375B16D3DDA}.Debug|x86.Build.0 = Debug|Win32
		{E1B7495C-CB57-4A9D-9C3B-1375B16D3DDA}.Release|x64.ActiveCfg = Release|x64
		{E1B7495C-CB57-4A9D-9C3B-1375B16D3DDA}.Release|x64.Build.0 = Release|x64
		{E1B7495C-CB57-4A9D-9C3B-1375B16D3DDA}.Release|x86.ActiveCfg = Release|Win32
		{E1B7495C-CB57-4A9D-9C3B-1375B16D3DDA}.Release|x86.Build.0 = Release|Win32
		{F323383D-96DD-4F71-AA54-D6757322ABCB}.Debug|x64.ActiveCfg = Debug|x64
		{F323383D-96DD-4F71-AA54-D6757322ABCB}.Debug|x64.Build.0 = Debug|x64
		{F323383D-96DD-4F71-AA54-D6757322ABCB}.Debug|x86.ActiveCfg = Debug|Win32
		{F323383D-96DD-4F71-AA54-D6757322ABCB}.Debug|x86.Build.0 = Debug|Win32
		{F323383D-96DD-4F71-AA54-D6757322ABCB}.Release|x64.ActiveCfg = Release|x64
		{F323383D-96DD-4F71-AA54-D6757322ABCB}.Release|x64.Build.0 = Release|x64
		{F323383D-96DD-4F71-AA54-D6757322ABCB}.Release|x86.ActiveCfg = Release|Win32
		{F323383D-96DD-4F71-AA54-D6757322ABCB}.Release|x86.Build.0 = Release|Win32
		{284C413C-179E-474A-AE81-BFBBE341B0CC}.Debug|x64.ActiveCfg = Debug|x64
		{284C413C-179E-474A-AE81-BFBBE341B0CC}.Debug|x64.Build.0 = Debug|x64
		{284C413C-179E-474A-AE81-BFBBE341B0CC}.Debug|x86.ActiveCfg = Debug|Win32
		{284C413C-179E-474A-AE81-BFBBE341B0CC}.Debug|x86.Build.0 = Debug|Win32
		{284C413C-179E-474A-AE81-BFBBE341B0CC}.Release|x64.ActiveCfg = Release|x64
		{284C413C-179E-474A-AE81-BFBBE341B0CC}.Release|x64.Build.0 = Release|x64
		{284C413C-179E-474A-AE81-BFBBE341B0CC}.Release|x86.ActiveCfg = Release|Win32
		{284C413C-179E-474A-AE81-BFBBE341B0CC}.Release|x86.Build.0 = Release|Win32
		{DF8FE209-0C70-4360-96CE-CC679CA4CAC8}.Debug|x64.ActiveCfg = Debug|x64
		{DF8FE209-0C70-4360-96CE-CC679CA4CAC8}.Debug|x64.Build.0 = Debug|x64
		{DF8FE209-0C70-4360-96CE-CC679CA4CAC8}.Debug|x86.ActiveCfg = Debug|Win32
		{DF8FE209-0C70-4360-96CE-CC679CA4CAC8}.Debug|x86.Build.0 = Debug|Win32
		{DF8FE209-0C70-4360-96CE-CC679CA4CAC8}.Release|x64.ActiveCfg = Release|x64
		{DF8FE209-0C70-4360-96CE-CC679CA4CAC8}.Release|x64.Build.0 = Release|x64
		{DF8FE209-0C70-4360-96CE-CC679CA4CAC8}.Release|x86.ActiveCfg = Release|Win32
		{DF8FE209-0C70-4360-96CE-CC679CA4CAC8}.Release|x86.Build.0 = Release|Win32
	EndGlobalSection
	GlobalSection(SolutionProperties) = preSolution
		HideSolutionNode = FALSE
	EndGlobalSection
	GlobalSection(ExtensibilityGlobals) = postSolution
		SolutionGuid = {E32A06BF-D079-412C-BF92-9C497451CE6A}
	EndGlobalSection
EndGlobal
